
Microsoft Visual Studio Solution File, Format Version 12.00
# Visual Studio Version 16
VisualStudioVersion = 16.0.32106.194
MinimumVisualStudioVersion = 10.0.40219.1
Project("{FAE04EC0-301F-11D3-BF4B-00C04F79EFBC}") = "WebApi", "WebApi\WebApi.csproj", "{7B68FA40-9CB8-47DD-AE8C-6EFAA77C871E}"
EndProject
Global
	GlobalSection(SolutionConfigurationPlatforms) = preSolution
		Debug|Any CPU = Debug|Any CPU
		Release|Any CPU = Release|Any CPU
	EndGlobalSection
	GlobalSection(ProjectConfigurationPlatforms) = postSolution
		{7B68FA40-9CB8-47DD-AE8C-6EFAA77C871E}.Debug|Any CPU.ActiveCfg = Debug|Any CPU
		{7B68FA40-9CB8-47DD-AE8C-6EFAA77C871E}.Debug|Any CPU.Build.0 = Debug|Any CPU
		{7B68FA40-9CB8-47DD-AE8C-6EFAA77C871E}.Release|Any CPU.ActiveCfg = Release|Any CPU
		{7B68FA40-9CB8-47DD-AE8C-6EFAA77C871E}.Release|Any CPU.Build.0 = Release|Any CPU
	EndGlobalSection
	GlobalSection(SolutionProperties) = preSolution
		HideSolutionNode = FALSE
	EndGlobalSection
	GlobalSection(ExtensibilityGlobals) = postSolution
		SolutionGuid = {23BC37DD-DEE8-4F89-B4BF-ED8005F0A046}
	EndGlobalSection
EndGlobal
